
Microsoft Visual Studio Solution File, Format Version 12.00
# Visual Studio Version 16
VisualStudioVersion = 16.0.808.2
MinimumVisualStudioVersion = 10.0.40219.1
Project("{FAE04EC0-301F-11D3-BF4B-00C04F79EFBC}") = "BlazorMatchGame", "BlazorMatchGame.csproj", "{AD33472B-EA5B-4535-9106-58C0FAA1AF9A}"
EndProject
Global
	GlobalSection(SolutionConfigurationPlatforms) = preSolution
		Debug|Any CPU = Debug|Any CPU
		Release|Any CPU = Release|Any CPU
	EndGlobalSection
	GlobalSection(ProjectConfigurationPlatforms) = postSolution
		{AD33472B-EA5B-4535-9106-58C0FAA1AF9A}.Debug|Any CPU.ActiveCfg = Debug|Any CPU
		{AD33472B-EA5B-4535-9106-58C0FAA1AF9A}.Debug|Any CPU.Build.0 = Debug|Any CPU
		{AD33472B-EA5B-4535-9106-58C0FAA1AF9A}.Release|Any CPU.ActiveCfg = Release|Any CPU
		{AD33472B-EA5B-4535-9106-58C0FAA1AF9A}.Release|Any CPU.Build.0 = Release|Any CPU
	EndGlobalSection
	GlobalSection(SolutionProperties) = preSolution
		HideSolutionNode = FALSE
	EndGlobalSection
	GlobalSection(ExtensibilityGlobals) = postSolution
		SolutionGuid = {1911312B-A128-4E57-8AAF-3E33E9E5E57C}
	EndGlobalSection
EndGlobal
